
Microsoft Visual Studio Solution File, Format Version 12.00
# Visual Studio Version 16
VisualStudioVersion = 16.0.30621.155
MinimumVisualStudioVersion = 10.0.40219.1
Project("{8BC9CEB8-8B4A-11D0-8D11-00A0C91BC942}") = "Project1", "Project1\Project1.vcxproj", "{5EFDEEF2-9949-426F-AB47-E40540800068}"
EndProject
Global
	GlobalSection(SolutionConfigurationPlatforms) = preSolution
		Debug|x64 = Debug|x64
		Debug|x86 = Debug|x86
		Release|x64 = Release|x64
		Release|x86 = Release|x86
	EndGlobalSection
	GlobalSection(ProjectConfigurationPlatforms) = postSolution
		{5EFDEEF2-9949-426F-AB47-E40540800068}.Debug|x64.ActiveCfg = Debug|x64
		{5EFDEEF2-9949-426F-AB47-E40540800068}.Debug|x64.Build.0 = Debug|x64
		{5EFDEEF2-9949-426F-AB47-E40540800068}.Debug|x86.ActiveCfg = Debug|Win32
		{5EFDEEF2-9949-426F-AB47-E40540800068}.Debug|x86.Build.0 = Debug|Win32
		{5EFDEEF2-9949-426F-AB47-E40540800068}.Release|x64.ActiveCfg = Release|x64
		{5EFDEEF2-9949-426F-AB47-E40540800068}.Release|x64.Build.0 = Release|x64
		{5EFDEEF2-9949-426F-AB47-E40540800068}.Release|x86.ActiveCfg = Release|Win32
		{5EFDEEF2-9949-426F-AB47-E40540800068}.Release|x86.Build.0 = Release|Win32
	EndGlobalSection
	GlobalSection(SolutionProperties) = preSolution
		HideSolutionNode = FALSE
	EndGlobalSection
	GlobalSection(ExtensibilityGlobals) = postSolution
		SolutionGuid = {E9ACCA2D-CEE9-4C75-B352-21AA2C34E36E}
	EndGlobalSection
EndGlobal
